
Microsoft Visual Studio Solution File, Format Version 12.00
# Visual Studio Version 17
VisualStudioVersion = 17.7.34031.279
MinimumVisualStudioVersion = 10.0.40219.1
Project("{FAE04EC0-301F-11D3-BF4B-00C04F79EFBC}") = "ExpenceManageMent", "ExpenceManageMent\ExpenceManageMent.csproj", "{96A2AB0B-3BAD-490B-AB31-FDAB2C05AD15}"
EndProject
Global
	GlobalSection(SolutionConfigurationPlatforms) = preSolution
		Debug|Any CPU = Debug|Any CPU
		Release|Any CPU = Release|Any CPU
	EndGlobalSection
	GlobalSection(ProjectConfigurationPlatforms) = postSolution
		{96A2AB0B-3BAD-490B-AB31-FDAB2C05AD15}.Debug|Any CPU.ActiveCfg = Debug|Any CPU
		{96A2AB0B-3BAD-490B-AB31-FDAB2C05AD15}.Debug|Any CPU.Build.0 = Debug|Any CPU
		{96A2AB0B-3BAD-490B-AB31-FDAB2C05AD15}.Release|Any CPU.ActiveCfg = Release|Any CPU
		{96A2AB0B-3BAD-490B-AB31-FDAB2C05AD15}.Release|Any CPU.Build.0 = Release|Any CPU
	EndGlobalSection
	GlobalSection(SolutionProperties) = preSolution
		HideSolutionNode = FALSE
	EndGlobalSection
	GlobalSection(ExtensibilityGlobals) = postSolution
		SolutionGuid = {4604B343-90E6-440C-8480-685DDAF8E972}
	EndGlobalSection
EndGlobal
